// !$*UTF8*$!
{
	archiveVersion = 1;
	classes = {
	};
	objectVersion = 77;
	objects = {

/* Begin PBXBuildFile section */
		390D2B3E301CFE3D00360298 /* FirebaseAuth in Frameworks */ = {isa = PBXBuildFile; productRef = 390D2B3D301CFE3D00360298 /* FirebaseAuth */; };
		390D2B40301CFE3D00360298 /* FirebaseAuthCombine-Community in Frameworks */ = {isa = PBXBuildFile; productRef = 390D2B3F301CFE3D00360298 /* FirebaseAuthCombine-Community */; };
		390D2B42301CFE3D00360298 /* FirebaseCore in Frameworks */ = {isa = PBXBuildFile; productRef = 390D2B41301CFE3D00360298 /* FirebaseCore */; };
		390D2B44301CFE3D00360298 /* FirebaseDatabase in Frameworks */ = {isa = PBXBuildFile; productRef = 390D2B43301CFE3D00360298 /* FirebaseDatabase */; };
		390D2B46301CFE3D00360298 /* FirebaseFirestore in Frameworks */ = {isa = PBXBuildFile; productRef = 390D2B45301CFE3D00360298 /* FirebaseFirestore */; };
		390D2B48301CFE3D00360298 /* FirebaseFirestoreCombine-Community in Frameworks */ = {isa = PBXBuildFile; productRef = 390D2B47301CFE3D00360298 /* FirebaseFirestoreCombine-Community */; };
		390D2B4A301CFE3D00360298 /* FirebaseMessaging in Frameworks */ = {isa = PBXBuildFile; productRef = 390D2B49301CFE3D00360298 /* FirebaseMessaging */; };
		390D2B4C301CFE3D00360298 /* FirebaseStorage in Frameworks */ = {isa = PBXBuildFile; productRef = 390D2B4B301CFE3D00360298 /* FirebaseStorage */; };
		390D2B4E301CFE3D00360298 /* FirebaseStorageCombine-Community in Frameworks */ = {isa = PBXBuildFile; productRef = 390D2B4D301CFE3D00360298 /* FirebaseStorageCombine-Community */; };
		390D2B50301CFF6F00360298 /* GoogleService-Info.plist in Resources */ = {isa = PBXBuildFile; fileRef = 390D2B4F301CFF6F00360298 /* GoogleService-Info.plist */; };
		3955C2C3301C97D300FB0D5E /* .gitignore in Resources */ = {isa = PBXBuildFile; fileRef = 3955C2C2301C97D300FB0D5E /* .gitignore */; };
/* End PBXBuildFile section */

/* Begin PBXContainerItemProxy section */
		39E36E9E301C91A30089FAF0 /* PBXContainerItemProxy */ = {
			isa = PBXContainerItemProxy;
			containerPortal = 39E36E88301C91A20089FAF0 /* Project object */;
			proxyType = 1;
			remoteGlobalIDString = 39E36E8F301C91A20089FAF0;
			remoteInfo = P14_IOS_Eventorias;
		};
		39E36EA8301C91A30089FAF0 /* PBXContainerItemProxy */ = {
			isa = PBXContainerItemProxy;
			containerPortal = 39E36E88301C91A20089FAF0 /* Project object */;
			proxyType = 1;
			remoteGlobalIDString = 39E36E8F301C91A20089FAF0;
			remoteInfo = P14_IOS_Eventorias;
		};
/* End PBXContainerItemProxy section */

/* Begin PBXFileReference section */
		390D2B4F301CFF6F00360298 /* GoogleService-Info.plist */ = {isa = PBXFileReference; lastKnownFileType = text.plist.xml; path = "GoogleService-Info.plist"; sourceTree = "<group>"; };
		3955C2C2301C97D300FB0D5E /* .gitignore */ = {isa = PBXFileReference; lastKnownFileType = text; path = .gitignore; sourceTree = "<group>"; };
		39E36E90301C91A20089FAF0 /* P14_IOS_Eventorias.app */ = {isa = PBXFileReference; explicitFileType = wrapper.application; includeInIndex = 0; path = P14_IOS_Eventorias.app; sourceTree = BUILT_PRODUCTS_DIR; };
		39E36E9D301C91A30089FAF0 /* P14_IOS_EventoriasTests.xctest */ = {isa = PBXFileReference; explicitFileType = wrapper.cfbundle; includeInIndex = 0; path = P14_IOS_EventoriasTests.xctest; sourceTree = BUILT_PRODUCTS_DIR; };
		39E36EA7301C91A30089FAF0 /* P14_IOS_EventoriasUITests.xctest */ = {isa = PBXFileReference; explicitFileType = wrapper.cfbundle; includeInIndex = 0; path = P14_IOS_EventoriasUITests.xctest; sourceTree = BUILT_PRODUCTS_DIR; };
/* End PBXFileReference section */

/* Begin PBXFileSystemSynchronizedBuildFileExceptionSet section */
		3955C2BF301C974B00FB0D5E /* Exceptions for "P14_IOS_Eventorias" folder in "P14_IOS_Eventorias" target */ = {
			isa = PBXFileSystemSynchronizedBuildFileExceptionSet;
			membershipExceptions = (
				"P14-IOS-Eventorias-Info.plist",
			);
			target = 39E36E8F301C91A20089FAF0 /* P14_IOS_Eventorias */;
		};
/* End PBXFileSystemSynchronizedBuildFileExceptionSet section */

/* Begin PBXFileSystemSynchronizedRootGroup section */
		39E36E92301C91A20089FAF0 /* P14_IOS_Eventorias */ = {
			isa = PBXFileSystemSynchronizedRootGroup;
			exceptions = (
				3955C2BF301C974B00FB0D5E /* Exceptions for "P14_IOS_Eventorias" folder in "P14_IOS_Eventorias" target */,
			);
			path = P14_IOS_Eventorias;
			sourceTree = "<group>";
		};
		39E36EA0301C91A30089FAF0 /* P14_IOS_EventoriasTests */ = {
			isa = PBXFileSystemSynchronizedRootGroup;
			path = P14_IOS_EventoriasTests;
			sourceTree = "<group>";
		};
		39E36EAA301C91A30089FAF0 /* P14_IOS_EventoriasUITests */ = {
			isa = PBXFileSystemSynchronizedRootGroup;
			path = P14_IOS_EventoriasUITests;
			sourceTree = "<group>";
		};
/* End PBXFileSystemSynchronizedRootGroup section */

/* Begin PBXFrameworksBuildPhase section */
		39E36E8D301C91A20089FAF0 /* Frameworks */ = {
			isa = PBXFrameworksBuildPhase;
			buildActionMask = 2147483647;
			files = (
				390D2B3E301CFE3D00360298 /* FirebaseAuth in Frameworks */,
				390D2B42301CFE3D00360298 /* FirebaseCore in Frameworks */,
				390D2B4A301CFE3D00360298 /* FirebaseMessaging in Frameworks */,
				390D2B44301CFE3D00360298 /* FirebaseDatabase in Frameworks */,
				390D2B48301CFE3D00360298 /* FirebaseFirestoreCombine-Community in Frameworks */,
				390D2B4C301CFE3D00360298 /* FirebaseStorage in Frameworks */,
				390D2B46301CFE3D00360298 /* FirebaseFirestore in Frameworks */,
				390D2B4E301CFE3D00360298 /* FirebaseStorageCombine-Community in Frameworks */,
				390D2B40301CFE3D00360298 /* FirebaseAuthCombine-Community in Frameworks */,
			);
			runOnlyForDeploymentPostprocessing = 0;
		};
		39E36E9A301C91A30089FAF0 /* Frameworks */ = {
			isa = PBXFrameworksBuildPhase;
			buildActionMask = 2147483647;
			files = (
			);
			runOnlyForDeploymentPostprocessing = 0;
		};
		39E36EA4301C91A30089FAF0 /* Frameworks */ = {
			isa = PBXFrameworksBuildPhase;
			buildActionMask = 2147483647;
			files = (
			);
			runOnlyForDeploymentPostprocessing = 0;
		};
/* End PBXFrameworksBuildPhase section */

/* Begin PBXGroup section */
		39E36E87301C91A20089FAF0 = {
			isa = PBXGroup;
			children = (
				390D2B4F301CFF6F00360298 /* GoogleService-Info.plist */,
				39E36E92301C91A20089FAF0 /* P14_IOS_Eventorias */,
				39E36EA0301C91A30089FAF0 /* P14_IOS_EventoriasTests */,
				39E36EAA301C91A30089FAF0 /* P14_IOS_EventoriasUITests */,
				39E36E91301C91A20089FAF0 /* Products */,
				3955C2C2301C97D300FB0D5E /* .gitignore */,
			);
			sourceTree = "<group>";
		};
		39E36E91301C91A20089FAF0 /* Products */ = {
			isa = PBXGroup;
			children = (
				39E36E90301C91A20089FAF0 /* P14_IOS_Eventorias.app */,
				39E36E9D301C91A30089FAF0 /* P14_IOS_EventoriasTests.xctest */,
				39E36EA7301C91A30089FAF0 /* P14_IOS_EventoriasUITests.xctest */,
			);
			name = Products;
			sourceTree = "<group>";
		};
/* End PBXGroup section */

/* Begin PBXNativeTarget section */
		39E36E8F301C91A20089FAF0 /* P14_IOS_Eventorias */ = {
			isa = PBXNativeTarget;
			buildConfigurationList = 39E36EB1301C91A30089FAF0 /* Build configuration list for PBXNativeTarget "P14_IOS_Eventorias" */;
			buildPhases = (
				39E36E8C301C91A20089FAF0 /* Sources */,
				39E36E8D301C91A20089FAF0 /* Frameworks */,
				39E36E8E301C91A20089FAF0 /* Resources */,
			);
			buildRules = (
			);
			dependencies = (
			);
			fileSystemSynchronizedGroups = (
				39E36E92301C91A20089FAF0 /* P14_IOS_Eventorias */,
			);
			name = P14_IOS_Eventorias;
			packageProductDependencies = (
				390D2B3D301CFE3D00360298 /* FirebaseAuth */,
				390D2B3F301CFE3D00360298 /* FirebaseAuthCombine-Community */,
				390D2B41301CFE3D00360298 /* FirebaseCore */,
				390D2B43301CFE3D00360298 /* FirebaseDatabase */,
				390D2B45301CFE3D00360298 /* FirebaseFirestore */,
				390D2B47301CFE3D00360298 /* FirebaseFirestoreCombine-Community */,
				390D2B49301CFE3D00360298 /* FirebaseMessaging */,
				390D2B4B301CFE3D00360298 /* FirebaseStorage */,
				390D2B4D301CFE3D00360298 /* FirebaseStorageCombine-Community */,
			);
			productName = P14_IOS_Eventorias;
			productReference = 39E36E90301C91A20089FAF0 /* P14_IOS_Eventorias.app */;
			productType = "com.apple.product-type.application";
		};
		39E36E9C301C91A30089FAF0 /* P14_IOS_EventoriasTests */ = {
			isa = PBXNativeTarget;
			buildConfigurationList = 39E36EB4301C91A30089FAF0 /* Build configuration list for PBXNativeTarget "P14_IOS_EventoriasTests" */;
			buildPhases = (
				39E36E99301C91A30089FAF0 /* Sources */,
				39E36E9A301C91A30089FAF0 /* Frameworks */,
				39E36E9B301C91A30089FAF0 /* Resources */,
			);
			buildRules = (
			);
			dependencies = (
				39E36E9F301C91A30089FAF0 /* PBXTargetDependency */,
			);
			fileSystemSynchronizedGroups = (
				39E36EA0301C91A30089FAF0 /* P14_IOS_EventoriasTests */,
			);
			name = P14_IOS_EventoriasTests;
			packageProductDependencies = (
			);
			productName = P14_IOS_EventoriasTests;
			productReference = 39E36E9D301C91A30089FAF0 /* P14_IOS_EventoriasTests.xctest */;
			productType = "com.apple.product-type.bundle.unit-test";
		};
		39E36EA6301C91A30089FAF0 /* P14_IOS_EventoriasUITests */ = {
			isa = PBXNativeTarget;
			buildConfigurationList = 39E36EB7301C91A30089FAF0 /* Build configuration list for PBXNativeTarget "P14_IOS_EventoriasUITests" */;
			buildPhases = (
				39E36EA3301C91A30089FAF0 /* Sources */,
				39E36EA4301C91A30089FAF0 /* Frameworks */,
				39E36EA5301C91A30089FAF0 /* Resources */,
			);
			buildRules = (
			);
			dependencies = (
				39E36EA9301C91A30089FAF0 /* PBXTargetDependency */,
			);
			fileSystemSynchronizedGroups = (
				39E36EAA301C91A30089FAF0 /* P14_IOS_EventoriasUITests */,
			);
			name = P14_IOS_EventoriasUITests;
			packageProductDependencies = (
			);
			productName = P14_IOS_EventoriasUITests;
			productReference = 39E36EA7301C91A30089FAF0 /* P14_IOS_EventoriasUITests.xctest */;
			productType = "com.apple.product-type.bundle.ui-testing";
		};
/* End PBXNativeTarget section */

/* Begin PBXProject section */
		39E36E88301C91A20089FAF0 /* Project object */ = {
			isa = PBXProject;
			attributes = {
				BuildIndependentTargetsInParallel = 1;
				LastSwiftUpdateCheck = 2660;
				LastUpgradeCheck = 2660;
				TargetAttributes = {
					39E36E8F301C91A20089FAF0 = {
						CreatedOnToolsVersion = 26.6;
					};
					39E36E9C301C91A30089FAF0 = {
						CreatedOnToolsVersion = 26.6;
						TestTargetID = 39E36E8F301C91A20089FAF0;
					};
					39E36EA6301C91A30089FAF0 = {
						CreatedOnToolsVersion = 26.6;
						TestTargetID = 39E36E8F301C91A20089FAF0;
					};
				};
			};
			buildConfigurationList = 39E36E8B301C91A20089FAF0 /* Build configuration list for PBXProject "P14_IOS_Eventorias" */;
			developmentRegion = en;
			hasScannedForEncodings = 0;
			knownRegions = (
				en,
				Base,
			);
			mainGroup = 39E36E87301C91A20089FAF0;
			minimizedProjectReferenceProxies = 1;
			packageReferences = (
				390D2B3C301CFE3D00360298 /* XCRemoteSwiftPackageReference "firebase-ios-sdk" */,
			);
			preferredProjectObjectVersion = 77;
			productRefGroup = 39E36E91301C91A20089FAF0 /* Products */;
			projectDirPath = "";
			projectRoot = "";
			targets = (
				39E36E8F301C91A20089FAF0 /* P14_IOS_Eventorias */,
				39E36E9C301C91A30089FAF0 /* P14_IOS_EventoriasTests */,
				39E36EA6301C91A30089FAF0 /* P14_IOS_EventoriasUITests */,
			);
		};
/* End PBXProject section */

/* Begin PBXResourcesBuildPhase section */
		39E36E8E301C91A20089FAF0 /* Resources */ = {
			isa = PBXResourcesBuildPhase;
			buildActionMask = 2147483647;
			files = (
				3955C2C3301C97D300FB0D5E /* .gitignore in Resources */,
				390D2B50301CFF6F00360298 /* GoogleService-Info.plist in Resources */,
			);
			runOnlyForDeploymentPostprocessing = 0;
		};
		39E36E9B301C91A30089FAF0 /* Resources */ = {
			isa = PBXResourcesBuildPhase;
			buildActionMask = 2147483647;
			files = (
			);
			runOnlyForDeploymentPostprocessing = 0;
		};
		39E36EA5301C91A30089FAF0 /* Resources */ = {
			isa = PBXResourcesBuildPhase;
			buildActionMask = 2147483647;
			files = (
			);
			runOnlyForDeploymentPostprocessing = 0;
		};
/* End PBXResourcesBuildPhase section */

/* Begin PBXSourcesBuildPhase section */
		39E36E8C301C91A20089FAF0 /* Sources */ = {
			isa = PBXSourcesBuildPhase;
			buildActionMask = 2147483647;
			files = (
			);
			runOnlyForDeploymentPostprocessing = 0;
		};
		39E36E99301C91A30089FAF0 /* Sources */ = {
			isa = PBXSourcesBuildPhase;
			buildActionMask = 2147483647;
			files = (
			);
			runOnlyForDeploymentPostprocessing = 0;
		};
		39E36EA3301C91A30089FAF0 /* Sources */ = {
			isa = PBXSourcesBuildPhase;
			buildActionMask = 2147483647;
			files = (
			);
			runOnlyForDeploymentPostprocessing = 0;
		};
/* End PBXSourcesBuildPhase section */

/* Begin PBXTargetDependency section */
		39E36E9F301C91A30089FAF0 /* PBXTargetDependency */ = {
			isa = PBXTargetDependency;
			target = 39E36E8F301C91A20089FAF0 /* P14_IOS_Eventorias */;
			targetProxy = 39E36E9E301C91A30089FAF0 /* PBXContainerItemProxy */;
		};
		39E36EA9301C91A30089FAF0 /* PBXTargetDependency */ = {
			isa = PBXTargetDependency;
			target = 39E36E8F301C91A20089FAF0 /* P14_IOS_Eventorias */;
			targetProxy = 39E36EA8301C91A30089FAF0 /* PBXContainerItemProxy */;
		};
/* End PBXTargetDependency section */

/* Begin XCBuildConfiguration section */
		39E36EAF301C91A30089FAF0 /* Debug */ = {
			isa = XCBuildConfiguration;
			buildSettings = {
				ALWAYS_SEARCH_USER_PATHS = NO;
				ASSETCATALOG_COMPILER_GENERATE_SWIFT_ASSET_SYMBOL_EXTENSIONS = YES;
				CLANG_ANALYZER_NONNULL = YES;
				CLANG_ANALYZER_NUMBER_OBJECT_CONVERSION = YES_AGGRESSIVE;
				CLANG_CXX_LANGUAGE_STANDARD = "gnu++20";
				CLANG_ENABLE_MODULES = YES;
				CLANG_ENABLE_OBJC_ARC = YES;
				CLANG_ENABLE_OBJC_WEAK = YES;
				CLANG_WARN_BLOCK_CAPTURE_AUTORELEASING = YES;
				CLANG_WARN_BOOL_CONVERSION = YES;
				CLANG_WARN_COMMA = YES;
				CLANG_WARN_CONSTANT_CONVERSION = YES;
				CLANG_WARN_DEPRECATED_OBJC_IMPLEMENTATIONS = YES;
				CLANG_WARN_DIRECT_OBJC_ISA_USAGE = YES_ERROR;
				CLANG_WARN_DOCUMENTATION_COMMENTS = YES;
				CLANG_WARN_EMPTY_BODY = YES;
				CLANG_WARN_ENUM_CONVERSION = YES;
				CLANG_WARN_INFINITE_RECURSION = YES;
				CLANG_WARN_INT_CONVERSION = YES;
				CLANG_WARN_NON_LITERAL_NULL_CONVERSION = YES;
				CLANG_WARN_OBJC_IMPLICIT_RETAIN_SELF = YES;
				CLANG_WARN_OBJC_LITERAL_CONVERSION = YES;
				CLANG_WARN_OBJC_ROOT_CLASS = YES_ERROR;
				CLANG_WARN_QUOTED_INCLUDE_IN_FRAMEWORK_HEADER = YES;
				CLANG_WARN_RANGE_LOOP_ANALYSIS = YES;
				CLANG_WARN_STRICT_PROTOTYPES = YES;
				CLANG_WARN_SUSPICIOUS_MOVE = YES;
				CLANG_WARN_UNGUARDED_AVAILABILITY = YES_AGGRESSIVE;
				CLANG_WARN_UNREACHABLE_CODE = YES;
				CLANG_WARN__DUPLICATE_METHOD_MATCH = YES;
				COPY_PHASE_STRIP = NO;
				DEBUG_INFORMATION_FORMAT = dwarf;
				DEVELOPMENT_TEAM = DBTB3WLHP5;
				ENABLE_STRICT_OBJC_MSGSEND = YES;
				ENABLE_TESTABILITY = YES;
				ENABLE_USER_SCRIPT_SANDBOXING = YES;
				GCC_C_LANGUAGE_STANDARD = gnu17;
				GCC_DYNAMIC_NO_PIC = NO;
				GCC_NO_COMMON_BLOCKS = YES;
				GCC_OPTIMIZATION_LEVEL = 0;
				GCC_PREPROCESSOR_DEFINITIONS = (
					"DEBUG=1",
					"$(inherited)",
				);
				GCC_WARN_64_TO_32_BIT_CONVERSION = YES;
				GCC_WARN_ABOUT_RETURN_TYPE = YES_ERROR;
				GCC_WARN_UNDECLARED_SELECTOR = YES;
				GCC_WARN_UNINITIALIZED_AUTOS = YES_AGGRESSIVE;
				GCC_WARN_UNUSED_FUNCTION = YES;
				GCC_WARN_UNUSED_VARIABLE = YES;
				IPHONEOS_DEPLOYMENT_TARGET = 26.5;
				LOCALIZATION_PREFERS_STRING_CATALOGS = YES;
				MTL_ENABLE_DEBUG_INFO = INCLUDE_SOURCE;
				MTL_FAST_MATH = YES;
				ONLY_ACTIVE_ARCH = YES;
				SDKROOT = iphoneos;
				SWIFT_ACTIVE_COMPILATION_CONDITIONS = "DEBUG $(inherited)";
				SWIFT_OPTIMIZATION_LEVEL = "-Onone";
			};
			name = Debug;
		};
		39E36EB0301C91A30089FAF0 /* Release */ = {
			isa = XCBuildConfiguration;
			buildSettings = {
				ALWAYS_SEARCH_USER_PATHS = NO;
				ASSETCATALOG_COMPILER_GENERATE_SWIFT_ASSET_SYMBOL_EXTENSIONS = YES;
				CLANG_ANALYZER_NONNULL = YES;
				CLANG_ANALYZER_NUMBER_OBJECT_CONVERSION = YES_AGGRESSIVE;
				CLANG_CXX_LANGUAGE_STANDARD = "gnu++20";
				CLANG_ENABLE_MODULES = YES;
				CLANG_ENABLE_OBJC_ARC = YES;
				CLANG_ENABLE_OBJC_WEAK = YES;
				CLANG_WARN_BLOCK_CAPTURE_AUTORELEASING = YES;
				CLANG_WARN_BOOL_CONVERSION = YES;
				CLANG_WARN_COMMA = YES;
				CLANG_WARN_CONSTANT_CONVERSION = YES;
				CLANG_WARN_DEPRECATED_OBJC_IMPLEMENTATIONS = YES;
				CLANG_WARN_DIRECT_OBJC_ISA_USAGE = YES_ERROR;
				CLANG_WARN_DOCUMENTATION_COMMENTS = YES;
				CLANG_WARN_EMPTY_BODY = YES;
				CLANG_WARN_ENUM_CONVERSION = YES;
				CLANG_WARN_INFINITE_RECURSION = YES;
				CLANG_WARN_INT_CONVERSION = YES;
				CLANG_WARN_NON_LITERAL_NULL_CONVERSION = YES;
				CLANG_WARN_OBJC_IMPLICIT_RETAIN_SELF = YES;
				CLANG_WARN_OBJC_LITERAL_CONVERSION = YES;
				CLANG_WARN_OBJC_ROOT_CLASS = YES_ERROR;
				CLANG_WARN_QUOTED_INCLUDE_IN_FRAMEWORK_HEADER = YES;
				CLANG_WARN_RANGE_LOOP_ANALYSIS = YES;
				CLANG_WARN_STRICT_PROTOTYPES = YES;
				CLANG_WARN_SUSPICIOUS_MOVE = YES;
				CLANG_WARN_UNGUARDED_AVAILABILITY = YES_AGGRESSIVE;
				CLANG_WARN_UNREACHABLE_CODE = YES;
				CLANG_WARN__DUPLICATE_METHOD_MATCH = YES;
				COPY_PHASE_STRIP = NO;
				DEBUG_INFORMATION_FORMAT = "dwarf-with-dsym";
				DEVELOPMENT_TEAM = DBTB3WLHP5;
				ENABLE_NS_ASSERTIONS = NO;
				ENABLE_STRICT_OBJC_MSGSEND = YES;
				ENABLE_USER_SCRIPT_SANDBOXING = YES;
				GCC_C_LANGUAGE_STANDARD = gnu17;
				GCC_NO_COMMON_BLOCKS = YES;
				GCC_WARN_64_TO_32_BIT_CONVERSION = YES;
				GCC_WARN_ABOUT_RETURN_TYPE = YES_ERROR;
				GCC_WARN_UNDECLARED_SELECTOR = YES;
				GCC_WARN_UNINITIALIZED_AUTOS = YES_AGGRESSIVE;
				GCC_WARN_UNUSED_FUNCTION = YES;
				GCC_WARN_UNUSED_VARIABLE = YES;
				IPHONEOS_DEPLOYMENT_TARGET = 26.5;
				LOCALIZATION_PREFERS_STRING_CATALOGS = YES;
				MTL_ENABLE_DEBUG_INFO = NO;
				MTL_FAST_MATH = YES;
				SDKROOT = iphoneos;
				SWIFT_COMPILATION_MODE = wholemodule;
				VALIDATE_PRODUCT = YES;
			};
			name = Release;
		};
		39E36EB2301C91A30089FAF0 /* Debug */ = {
			isa = XCBuildConfiguration;
			buildSettings = {
				ASSETCATALOG_COMPILER_APPICON_NAME = AppIcon;
				ASSETCATALOG_COMPILER_GLOBAL_ACCENT_COLOR_NAME = AccentColor;
				CODE_SIGN_STYLE = Automatic;
				CURRENT_PROJECT_VERSION = 1;
				DEVELOPMENT_TEAM = DBTB3WLHP5;
				ENABLE_PREVIEWS = YES;
				GENERATE_INFOPLIST_FILE = YES;
				INFOPLIST_FILE = "P14-IOS-Eventorias-Info.plist";
				INFOPLIST_KEY_UIApplicationSceneManifest_Generation = YES;
				INFOPLIST_KEY_UIApplicationSupportsIndirectInputEvents = YES;
				INFOPLIST_KEY_UISupportedInterfaceOrientations_iPad = "UIInterfaceOrientationPortrait UIInterfaceOrientationPortraitUpsideDown UIInterfaceOrientationLandscapeLeft UIInterfaceOrientationLandscapeRight";
				INFOPLIST_KEY_UISupportedInterfaceOrientations_iPhone = "UIInterfaceOrientationPortrait UIInterfaceOrientationLandscapeLeft UIInterfaceOrientationLandscapeRight";
				LD_RUNPATH_SEARCH_PATHS = (
					"$(inherited)",
					"@executable_path/Frameworks",
				);
				MARKETING_VERSION = 1.0;
				PRODUCT_BUNDLE_IDENTIFIER = "eu.myk8s.P14-IOS-Eventorias";
				PRODUCT_NAME = "$(TARGET_NAME)";
				STRING_CATALOG_GENERATE_SYMBOLS = YES;
				SWIFT_APPROACHABLE_CONCURRENCY = YES;
				SWIFT_DEFAULT_ACTOR_ISOLATION = MainActor;
				SWIFT_EMIT_LOC_STRINGS = YES;
				SWIFT_UPCOMING_FEATURE_MEMBER_IMPORT_VISIBILITY = YES;
				SWIFT_VERSION = 5.0;
				TARGETED_DEVICE_FAMILY = "1,2";
			};
			name = Debug;
		};
		39E36EB3301C91A30089FAF0 /* Release */ = {
			isa = XCBuildConfiguration;
			buildSettings = {
				ASSETCATALOG_COMPILER_APPICON_NAME = AppIcon;
				ASSETCATALOG_COMPILER_GLOBAL_ACCENT_COLOR_NAME = AccentColor;
				CODE_SIGN_STYLE = Automatic;
				CURRENT_PROJECT_VERSION = 1;
				DEVELOPMENT_TEAM = DBTB3WLHP5;
				ENABLE_PREVIEWS = YES;
				GENERATE_INFOPLIST_FILE = YES;
				INFOPLIST_FILE = "P14-IOS-Eventorias-Info.plist";
				INFOPLIST_KEY_UIApplicationSceneManifest_Generation = YES;
				INFOPLIST_KEY_UIApplicationSupportsIndirectInputEvents = YES;
				INFOPLIST_KEY_UISupportedInterfaceOrientations_iPad = "UIInterfaceOrientationPortrait UIInterfaceOrientationPortraitUpsideDown UIInterfaceOrientationLandscapeLeft UIInterfaceOrientationLandscapeRight";
				INFOPLIST_KEY_UISupportedInterfaceOrientations_iPhone = "UIInterfaceOrientationPortrait UIInterfaceOrientationLandscapeLeft UIInterfaceOrientationLandscapeRight";
				LD_RUNPATH_SEARCH_PATHS = (
					"$(inherited)",
					"@executable_path/Frameworks",
				);
				MARKETING_VERSION = 1.0;
				PRODUCT_BUNDLE_IDENTIFIER = "eu.myk8s.P14-IOS-Eventorias";
				PRODUCT_NAME = "$(TARGET_NAME)";
				STRING_CATALOG_GENERATE_SYMBOLS = YES;
				SWIFT_APPROACHABLE_CONCURRENCY = YES;
				SWIFT_DEFAULT_ACTOR_ISOLATION = MainActor;
				SWIFT_EMIT_LOC_STRINGS = YES;
				SWIFT_UPCOMING_FEATURE_MEMBER_IMPORT_VISIBILITY = YES;
				SWIFT_VERSION = 5.0;
				TARGETED_DEVICE_FAMILY = "1,2";
			};
			name = Release;
		};
		39E36EB5301C91A30089FAF0 /* Debug */ = {
			isa = XCBuildConfiguration;
			buildSettings = {
				BUNDLE_LOADER = "$(TEST_HOST)";
				CODE_SIGN_STYLE = Automatic;
				CURRENT_PROJECT_VERSION = 1;
				DEVELOPMENT_TEAM = DBTB3WLHP5;
				GENERATE_INFOPLIST_FILE = YES;
				IPHONEOS_DEPLOYMENT_TARGET = 26.5;
				MARKETING_VERSION = 1.0;
				PRODUCT_BUNDLE_IDENTIFIER = "eu.myk8s.P14-IOS-EventoriasTests";
				PRODUCT_NAME = "$(TARGET_NAME)";
				STRING_CATALOG_GENERATE_SYMBOLS = NO;
				SWIFT_APPROACHABLE_CONCURRENCY = YES;
				SWIFT_EMIT_LOC_STRINGS = NO;
				SWIFT_UPCOMING_FEATURE_MEMBER_IMPORT_VISIBILITY = YES;
				SWIFT_VERSION = 5.0;
				TARGETED_DEVICE_FAMILY = "1,2";
				TEST_HOST = "$(BUILT_PRODUCTS_DIR)/P14_IOS_Eventorias.app/$(BUNDLE_EXECUTABLE_FOLDER_PATH)/P14_IOS_Eventorias";
			};
			name = Debug;
		};
		39E36EB6301C91A30089FAF0 /* Release */ = {
			isa = XCBuildConfiguration;
			buildSettings = {
				BUNDLE_LOADER = "$(TEST_HOST)";
				CODE_SIGN_STYLE = Automatic;
				CURRENT_PROJECT_VERSION = 1;
				DEVELOPMENT_TEAM = DBTB3WLHP5;
				GENERATE_INFOPLIST_FILE = YES;
				IPHONEOS_DEPLOYMENT_TARGET = 26.5;
				MARKETING_VERSION = 1.0;
				PRODUCT_BUNDLE_IDENTIFIER = "eu.myk8s.P14-IOS-EventoriasTests";
				PRODUCT_NAME = "$(TARGET_NAME)";
				STRING_CATALOG_GENERATE_SYMBOLS = NO;
				SWIFT_APPROACHABLE_CONCURRENCY = YES;
				SWIFT_EMIT_LOC_STRINGS = NO;
				SWIFT_UPCOMING_FEATURE_MEMBER_IMPORT_VISIBILITY = YES;
				SWIFT_VERSION = 5.0;
				TARGETED_DEVICE_FAMILY = "1,2";
				TEST_HOST = "$(BUILT_PRODUCTS_DIR)/P14_IOS_Eventorias.app/$(BUNDLE_EXECUTABLE_FOLDER_PATH)/P14_IOS_Eventorias";
			};
			name = Release;
		};
		39E36EB8301C91A30089FAF0 /* Debug */ = {
			isa = XCBuildConfiguration;
			buildSettings = {
				CODE_SIGN_STYLE = Automatic;
				CURRENT_PROJECT_VERSION = 1;
				DEVELOPMENT_TEAM = DBTB3WLHP5;
				GENERATE_INFOPLIST_FILE = YES;
				MARKETING_VERSION = 1.0;
				PRODUCT_BUNDLE_IDENTIFIER = "eu.myk8s.P14-IOS-EventoriasUITests";
				PRODUCT_NAME = "$(TARGET_NAME)";
				STRING_CATALOG_GENERATE_SYMBOLS = NO;
				SWIFT_APPROACHABLE_CONCURRENCY = YES;
				SWIFT_EMIT_LOC_STRINGS = NO;
				SWIFT_UPCOMING_FEATURE_MEMBER_IMPORT_VISIBILITY = YES;
				SWIFT_VERSION = 5.0;
				TARGETED_DEVICE_FAMILY = "1,2";
				TEST_TARGET_NAME = P14_IOS_Eventorias;
			};
			name = Debug;
		};
		39E36EB9301C91A30089FAF0 /* Release */ = {
			isa = XCBuildConfiguration;
			buildSettings = {
				CODE_SIGN_STYLE = Automatic;
				CURRENT_PROJECT_VERSION = 1;
				DEVELOPMENT_TEAM = DBTB3WLHP5;
				GENERATE_INFOPLIST_FILE = YES;
				MARKETING_VERSION = 1.0;
				PRODUCT_BUNDLE_IDENTIFIER = "eu.myk8s.P14-IOS-EventoriasUITests";
				PRODUCT_NAME = "$(TARGET_NAME)";
				STRING_CATALOG_GENERATE_SYMBOLS = NO;
				SWIFT_APPROACHABLE_CONCURRENCY = YES;
				SWIFT_EMIT_LOC_STRINGS = NO;
				SWIFT_UPCOMING_FEATURE_MEMBER_IMPORT_VISIBILITY = YES;
				SWIFT_VERSION = 5.0;
				TARGETED_DEVICE_FAMILY = "1,2";
				TEST_TARGET_NAME = P14_IOS_Eventorias;
			};
			name = Release;
		};
/* End XCBuildConfiguration section */

/* Begin XCConfigurationList section */
		39E36E8B301C91A20089FAF0 /* Build configuration list for PBXProject "P14_IOS_Eventorias" */ = {
			isa = XCConfigurationList;
			buildConfigurations = (
				39E36EAF301C91A30089FAF0 /* Debug */,
				39E36EB0301C91A30089FAF0 /* Release */,
			);
			defaultConfigurationIsVisible = 0;
			defaultConfigurationName = Release;
		};
		39E36EB1301C91A30089FAF0 /* Build configuration list for PBXNativeTarget "P14_IOS_Eventorias" */ = {
			isa = XCConfigurationList;
			buildConfigurations = (
				39E36EB2301C91A30089FAF0 /* Debug */,
				39E36EB3301C91A30089FAF0 /* Release */,
			);
			defaultConfigurationIsVisible = 0;
			defaultConfigurationName = Release;
		};
		39E36EB4301C91A30089FAF0 /* Build configuration list for PBXNativeTarget "P14_IOS_EventoriasTests" */ = {
			isa = XCConfigurationList;
			buildConfigurations = (
				39E36EB5301C91A30089FAF0 /* Debug */,
				39E36EB6301C91A30089FAF0 /* Release */,
			);
			defaultConfigurationIsVisible = 0;
			defaultConfigurationName = Release;
		};
		39E36EB7301C91A30089FAF0 /* Build configuration list for PBXNativeTarget "P14_IOS_EventoriasUITests" */ = {
			isa = XCConfigurationList;
			buildConfigurations = (
				39E36EB8301C91A30089FAF0 /* Debug */,
				39E36EB9301C91A30089FAF0 /* Release */,
			);
			defaultConfigurationIsVisible = 0;
			defaultConfigurationName = Release;
		};
/* End XCConfigurationList section */

/* Begin XCRemoteSwiftPackageReference section */
		390D2B3C301CFE3D00360298 /* XCRemoteSwiftPackageReference "firebase-ios-sdk" */ = {
			isa = XCRemoteSwiftPackageReference;
			repositoryURL = "https://github.com/firebase/firebase-ios-sdk";
			requirement = {
				kind = upToNextMajorVersion;
				minimumVersion = 12.17.0;
			};
		};
/* End XCRemoteSwiftPackageReference section */

/* Begin XCSwiftPackageProductDependency section */
		390D2B3D301CFE3D00360298 /* FirebaseAuth */ = {
			isa = XCSwiftPackageProductDependency;
			package = 390D2B3C301CFE3D00360298 /* XCRemoteSwiftPackageReference "firebase-ios-sdk" */;
			productName = FirebaseAuth;
		};
		390D2B3F301CFE3D00360298 /* FirebaseAuthCombine-Community */ = {
			isa = XCSwiftPackageProductDependency;
			package = 390D2B3C301CFE3D00360298 /* XCRemoteSwiftPackageReference "firebase-ios-sdk" */;
			productName = "FirebaseAuthCombine-Community";
		};
		390D2B41301CFE3D00360298 /* FirebaseCore */ = {
			isa = XCSwiftPackageProductDependency;
			package = 390D2B3C301CFE3D00360298 /* XCRemoteSwiftPackageReference "firebase-ios-sdk" */;
			productName = FirebaseCore;
		};
		390D2B43301CFE3D00360298 /* FirebaseDatabase */ = {
			isa = XCSwiftPackageProductDependency;
			package = 390D2B3C301CFE3D00360298 /* XCRemoteSwiftPackageReference "firebase-ios-sdk" */;
			productName = FirebaseDatabase;
		};
		390D2B45301CFE3D00360298 /* FirebaseFirestore */ = {
			isa = XCSwiftPackageProductDependency;
			package = 390D2B3C301CFE3D00360298 /* XCRemoteSwiftPackageReference "firebase-ios-sdk" */;
			productName = FirebaseFirestore;
		};
		390D2B47301CFE3D00360298 /* FirebaseFirestoreCombine-Community */ = {
			isa = XCSwiftPackageProductDependency;
			package = 390D2B3C301CFE3D00360298 /* XCRemoteSwiftPackageReference "firebase-ios-sdk" */;
			productName = "FirebaseFirestoreCombine-Community";
		};
		390D2B49301CFE3D00360298 /* FirebaseMessaging */ = {
			isa = XCSwiftPackageProductDependency;
			package = 390D2B3C301CFE3D00360298 /* XCRemoteSwiftPackageReference "firebase-ios-sdk" */;
			productName = FirebaseMessaging;
		};
		390D2B4B301CFE3D00360298 /* FirebaseStorage */ = {
			isa = XCSwiftPackageProductDependency;
			package = 390D2B3C301CFE3D00360298 /* XCRemoteSwiftPackageReference "firebase-ios-sdk" */;
			productName = FirebaseStorage;
		};
		390D2B4D301CFE3D00360298 /* FirebaseStorageCombine-Community */ = {
			isa = XCSwiftPackageProductDependency;
			package = 390D2B3C301CFE3D00360298 /* XCRemoteSwiftPackageReference "firebase-ios-sdk" */;
			productName = "FirebaseStorageCombine-Community";
		};
/* End XCSwiftPackageProductDependency section */
	};
	rootObject = 39E36E88301C91A20089FAF0 /* Project object */;
}
